
Microsoft Visual Studio Solution File, Format Version 12.00
# Visual Studio 15
VisualStudioVersion = 15.0.28307.1169
MinimumVisualStudioVersion = 10.0.40219.1
Project("{FAE04EC0-301F-11D3-BF4B-00C04F79EFBC}") = "WpfApp2", "WpfApp2\WpfApp2.csproj", "{71519374-80BA-4D91-9566-404DA220AD4E}"
EndProject
Project("{FAE04EC0-301F-11D3-BF4B-00C04F79EFBC}") = "Demo_3_4_WpfControlLibrary", "Demo_3_4_WpfControlLibrary\Demo_3_4_WpfControlLibrary.csproj", "{ACC9F865-9362-4FFD-902F-696D6BDD4BBE}"
EndProject
Project("{FAE04EC0-301F-11D3-BF4B-00C04F79EFBC}") = "Demo_6", "Demo_6\Demo_6\Demo_6.csproj", "{6383FE64-9684-4BC0-B804-7E2A7F34C97B}"
EndProject
Global
	GlobalSection(SolutionConfigurationPlatforms) = preSolution
		Debug|Any CPU = Debug|Any CPU
		Release|Any CPU = Release|Any CPU
	EndGlobalSection
	GlobalSection(ProjectConfigurationPlatforms) = postSolution
		{71519374-80BA-4D91-9566-404DA220AD4E}.Debug|Any CPU.ActiveCfg = Debug|Any CPU
		{71519374-80BA-4D91-9566-404DA220AD4E}.Debug|Any CPU.Build.0 = Debug|Any CPU
		{71519374-80BA-4D91-9566-404DA220AD4E}.Release|Any CPU.ActiveCfg = Release|Any CPU
		{71519374-80BA-4D91-9566-404DA220AD4E}.Release|Any CPU.Build.0 = Release|Any CPU
		{ACC9F865-9362-4FFD-902F-696D6BDD4BBE}.Debug|Any CPU.ActiveCfg = Debug|Any CPU
		{ACC9F865-9362-4FFD-902F-696D6BDD4BBE}.Debug|Any CPU.Build.0 = Debug|Any CPU
		{ACC9F865-9362-4FFD-902F-696D6BDD4BBE}.Release|Any CPU.ActiveCfg = Release|Any CPU
		{ACC9F865-9362-4FFD-902F-696D6BDD4BBE}.Release|Any CPU.Build.0 = Release|Any CPU
		{6383FE64-9684-4BC0-B804-7E2A7F34C97B}.Debug|Any CPU.ActiveCfg = Debug|Any CPU
		{6383FE64-9684-4BC0-B804-7E2A7F34C97B}.Debug|Any CPU.Build.0 = Debug|Any CPU
		{6383FE64-9684-4BC0-B804-7E2A7F34C97B}.Release|Any CPU.ActiveCfg = Release|Any CPU
		{6383FE64-9684-4BC0-B804-7E2A7F34C97B}.Release|Any CPU.Build.0 = Release|Any CPU
	EndGlobalSection
	GlobalSection(SolutionProperties) = preSolution
		HideSolutionNode = FALSE
	EndGlobalSection
	GlobalSection(ExtensibilityGlobals) = postSolution
		SolutionGuid = {6B687798-58C4-402E-A3CB-261ED6DDBF14}
	EndGlobalSection
EndGlobal
